
Microsoft Visual Studio Solution File, Format Version 11.00
# Visual Studio 2010
Project("{FAE04EC0-301F-11D3-BF4B-00C04F79EFBC}") = "SpiritOfLifeSanctuary", "SpiritOfLifeSanctuary\SpiritOfLifeSanctuary.csproj", "{FEF7C39E-CE0B-4542-9282-3160C5B2EB80}"
EndProject
Global
	GlobalSection(SolutionConfigurationPlatforms) = preSolution
		Debug|Any CPU = Debug|Any CPU
		Release|Any CPU = Release|Any CPU
	EndGlobalSection
	GlobalSection(ProjectConfigurationPlatforms) = postSolution
		{FEF7C39E-CE0B-4542-9282-3160C5B2EB80}.Debug|Any CPU.ActiveCfg = Debug|Any CPU
		{FEF7C39E-CE0B-4542-9282-3160C5B2EB80}.Debug|Any CPU.Build.0 = Debug|Any CPU
		{FEF7C39E-CE0B-4542-9282-3160C5B2EB80}.Release|Any CPU.ActiveCfg = Release|Any CPU
		{FEF7C39E-CE0B-4542-9282-3160C5B2EB80}.Release|Any CPU.Build.0 = Release|Any CPU
	EndGlobalSection
	GlobalSection(SolutionProperties) = preSolution
		HideSolutionNode = FALSE
	EndGlobalSection
EndGlobal
